
Microsoft Visual Studio Solution File, Format Version 12.00
# Visual Studio Version 16
VisualStudioVersion = 16.0.28803.452
MinimumVisualStudioVersion = 10.0.40219.1
Project("{FAE04EC0-301F-11D3-BF4B-00C04F79EFBC}") = "Calc", "Calc\Calc.csproj", "{882710F9-D2A0-4B52-958C-1E38E336A188}"
EndProject
Project("{9A19103F-16F7-4668-BE54-9A1E7A4F7556}") = "3DigitNumber", "3DigitNumber\3DigitNumber.csproj", "{C1A33A58-E048-4AB2-850B-273230CE7278}"
EndProject
Project("{9A19103F-16F7-4668-BE54-9A1E7A4F7556}") = "CheckNumber", "CheckNumber\CheckNumber.csproj", "{7783C765-FD0B-4918-B60F-2114A838A9CD}"
EndProject
Project("{9A19103F-16F7-4668-BE54-9A1E7A4F7556}") = "DayOfWeek", "dayOfWeek\DayOfWeek.csproj", "{48E3B641-4BE6-46DF-A5AD-9D181CAE619D}"
EndProject
Project("{9A19103F-16F7-4668-BE54-9A1E7A4F7556}") = "GraduityRate", "graduityRate\GraduityRate.csproj", "{1F796FF2-B0C7-4228-95F1-646DE3715020}"
EndProject
Project("{9A19103F-16F7-4668-BE54-9A1E7A4F7556}") = "IntegerSum", "integerSum\IntegerSum.csproj", "{7915C89E-E6C6-49EB-BAFD-23BE41C41FC0}"
EndProject
Project("{9A19103F-16F7-4668-BE54-9A1E7A4F7556}") = "Loan", "Loan\Loan.csproj", "{B9E20FA3-4CF6-4253-861F-97FC8747BE92}"
EndProject
Project("{9A19103F-16F7-4668-BE54-9A1E7A4F7556}") = "ParamaterTriangle", "paramaterTriangle\ParamaterTriangle.csproj", "{FE4E7244-2CD3-4F3C-8668-A1A105B83046}"
EndProject
Project("{9A19103F-16F7-4668-BE54-9A1E7A4F7556}") = "PointInRectangle2", "PointInRectangle2\PointInRectangle2.csproj", "{D094360C-7EC2-440A-9376-9C12CBA1CD43}"
EndProject
Project("{9A19103F-16F7-4668-BE54-9A1E7A4F7556}") = "PointInTriangle", "PointInTriangle\PointInTriangle.csproj", "{AFF08781-1DB3-4A08-9CEB-C39477D94BB3}"
EndProject
Project("{9A19103F-16F7-4668-BE54-9A1E7A4F7556}") = "RandomCards", "RandomCards\RandomCards.csproj", "{8DA49B09-146D-4839-9D42-8A0D1AF3CF76}"
EndProject
Project("{9A19103F-16F7-4668-BE54-9A1E7A4F7556}") = "RandomNumberAddition", "RandomNumberAddition\RandomNumberAddition.csproj", "{9B1AB1CE-376B-4128-B21C-74DC7D56C205}"
EndProject
Project("{9A19103F-16F7-4668-BE54-9A1E7A4F7556}") = "RcokPaperScisors", "RcokPaperSc\RcokPaperScisors.csproj", "{AFB55D37-FED7-4701-B535-45EB401BCA67}"
EndProject
Project("{9A19103F-16F7-4668-BE54-9A1E7A4F7556}") = "Rectangle", "Rectangle\Rectangle.csproj", "{F8F9143F-BE3E-424A-8BC3-1A43A3ED3745}"
EndProject
Project("{9A19103F-16F7-4668-BE54-9A1E7A4F7556}") = "SortIntegers", "SortIntegers\SortIntegers.csproj", "{5717BF07-DF2B-4EE0-821C-FFADA027D923}"
EndProject
Project("{9A19103F-16F7-4668-BE54-9A1E7A4F7556}") = "Square_Stars", "Square_Stars\Square_Stars.csproj", "{AFE175C9-CF92-4F64-8FFF-6CE4311A5B07}"
EndProject
Project("{9A19103F-16F7-4668-BE54-9A1E7A4F7556}") = "Stars", "Stars\Stars.csproj", "{3C8F230C-96AB-482E-94F9-2303EDFBA8A0}"
EndProject
Project("{9A19103F-16F7-4668-BE54-9A1E7A4F7556}") = "TaxCalc", "TaxCalc\TaxCalc.csproj", "{0619DD60-4FF2-4151-85A6-2E4D23DB5940}"
EndProject
Project("{9A19103F-16F7-4668-BE54-9A1E7A4F7556}") = "GuessingNumbers", "GuessingNumbers\GuessingNumbers.csproj", "{140DC93A-7A03-493B-A476-3166E26EE871}"
EndProject
Project("{9A19103F-16F7-4668-BE54-9A1E7A4F7556}") = "Multiple_Subtraction_Quiz", "Multiple_Subtraction_Quiz\Multiple_Subtraction_Quiz.csproj", "{F6BC676F-2BFF-47B6-9300-B58F2B7257F0}"
EndProject
Project("{9A19103F-16F7-4668-BE54-9A1E7A4F7556}") = "MultiplicationTable", "MultiplicationTable\MultiplicationTable.csproj", "{8B019BC1-BFAC-4DDC-8340-6459434D1D39}"
EndProject
Project("{9A19103F-16F7-4668-BE54-9A1E7A4F7556}") = "GreatestCommonDivisor2Num", "GreatestCommonDivisor2Num\GreatestCommonDivisor2Num.csproj", "{EEBD8FD8-03E8-44AD-9CCE-3A899C5AB01D}"
EndProject
Project("{9A19103F-16F7-4668-BE54-9A1E7A4F7556}") = "PrimeNumbers", "PrimeNumbers\PrimeNumbers.csproj", "{049B40B7-1DE4-4E92-BF8B-AE2B5AC55790}"
EndProject
Project("{9A19103F-16F7-4668-BE54-9A1E7A4F7556}") = "PositiveAndNegativeNumbers", "PositiveAndNegativeNumbers\PositiveAndNegativeNumbers.csproj", "{2889AD58-AE36-4077-B587-F09974ADC12B}"
EndProject
Project("{9A19103F-16F7-4668-BE54-9A1E7A4F7556}") = "FutureTuition", "FutureTuition\FutureTuition.csproj", "{5C298BE2-04EA-41A2-B555-2BC25A121774}"
EndProject
Project("{9A19103F-16F7-4668-BE54-9A1E7A4F7556}") = "TwoHighestScores", "TwoHighestScores\TwoHighestScores.csproj", "{A6F936C9-0FCC-4DCF-AD28-B5807C7D88B0}"
EndProject
Project("{9A19103F-16F7-4668-BE54-9A1E7A4F7556}") = "PointInCircle", "PointInCircle\PointInCircle.csproj", "{E4FD8EF5-2A65-4215-AF21-F7104E447E71}"
EndProject
Project("{9A19103F-16F7-4668-BE54-9A1E7A4F7556}") = "StudentsTwoHighestScores", "StudentsTwoHighestScores\StudentsTwoHighestScores.csproj", "{88504436-F1AB-440D-A5F2-8C56523CD8F5}"
EndProject
Project("{9A19103F-16F7-4668-BE54-9A1E7A4F7556}") = "FactorsOfInteger", "FactorsOfInteger\FactorsOfInteger.csproj", "{89F0CA36-EB43-42E6-97E4-681C9D3D34EA}"
EndProject
Project("{9A19103F-16F7-4668-BE54-9A1E7A4F7556}") = "DisplayPyramid", "DisplayPyramid\DisplayPyramid.csproj", "{AA515144-1EED-42DA-B867-9FC4B08E4D4F}"
EndProject
Project("{9A19103F-16F7-4668-BE54-9A1E7A4F7556}") = "PyramidPatterns", "PyramidPatterns\PyramidPatterns.csproj", "{E790BE53-D4AE-402C-AAE5-FB2F84817537}"
EndProject
Project("{9A19103F-16F7-4668-BE54-9A1E7A4F7556}") = "PrimeNumbersBetwen2and1000", "PrimeNumbersBetwen2and1000\PrimeNumbersBetwen2and1000.csproj", "{418257A3-89D8-459E-8C11-72DC2408F06E}"
EndProject
Project("{9A19103F-16F7-4668-BE54-9A1E7A4F7556}") = "LoansInterest", "LoansInterest\LoansInterest.csproj", "{213418A5-CA2E-49FA-B9C8-D42E91985B39}"
EndProject
Global
	GlobalSection(SolutionConfigurationPlatforms) = preSolution
		Debug|Any CPU = Debug|Any CPU
		Release|Any CPU = Release|Any CPU
	EndGlobalSection
	GlobalSection(ProjectConfigurationPlatforms) = postSolution
		{882710F9-D2A0-4B52-958C-1E38E336A188}.Debug|Any CPU.ActiveCfg = Debug|Any CPU
		{882710F9-D2A0-4B52-958C-1E38E336A188}.Debug|Any CPU.Build.0 = Debug|Any CPU
		{882710F9-D2A0-4B52-958C-1E38E336A188}.Release|Any CPU.ActiveCfg = Release|Any CPU
		{882710F9-D2A0-4B52-958C-1E38E336A188}.Release|Any CPU.Build.0 = Release|Any CPU
		{C1A33A58-E048-4AB2-850B-273230CE7278}.Debug|Any CPU.ActiveCfg = Debug|Any CPU
		{C1A33A58-E048-4AB2-850B-273230CE7278}.Debug|Any CPU.Build.0 = Debug|Any CPU
		{C1A33A58-E048-4AB2-850B-273230CE7278}.Release|Any CPU.ActiveCfg = Release|Any CPU
		{C1A33A58-E048-4AB2-850B-273230CE7278}.Release|Any CPU.Build.0 = Release|Any CPU
		{7783C765-FD0B-4918-B60F-2114A838A9CD}.Debug|Any CPU.ActiveCfg = Debug|Any CPU
		{7783C765-FD0B-4918-B60F-2114A838A9CD}.Debug|Any CPU.Build.0 = Debug|Any CPU
		{7783C765-FD0B-4918-B60F-2114A838A9CD}.Release|Any CPU.ActiveCfg = Release|Any CPU
		{7783C765-FD0B-4918-B60F-2114A838A9CD}.Release|Any CPU.Build.0 = Release|Any CPU
		{48E3B641-4BE6-46DF-A5AD-9D181CAE619D}.Debug|Any CPU.ActiveCfg = Debug|Any CPU
		{48E3B641-4BE6-46DF-A5AD-9D181CAE619D}.Debug|Any CPU.Build.0 = Debug|Any CPU
		{48E3B641-4BE6-46DF-A5AD-9D181CAE619D}.Release|Any CPU.ActiveCfg = Release|Any CPU
		{48E3B641-4BE6-46DF-A5AD-9D181CAE619D}.Release|Any CPU.Build.0 = Release|Any CPU
		{1F796FF2-B0C7-4228-95F1-646DE3715020}.Debug|Any CPU.ActiveCfg = Debug|Any CPU
		{1F796FF2-B0C7-4228-95F1-646DE3715020}.Debug|Any CPU.Build.0 = Debug|Any CPU
		{1F796FF2-B0C7-4228-95F1-646DE3715020}.Release|Any CPU.ActiveCfg = Release|Any CPU
		{1F796FF2-B0C7-4228-95F1-646DE3715020}.Release|Any CPU.Build.0 = Release|Any CPU
		{7915C89E-E6C6-49EB-BAFD-23BE41C41FC0}.Debug|Any CPU.ActiveCfg = Debug|Any CPU
		{7915C89E-E6C6-49EB-BAFD-23BE41C41FC0}.Debug|Any CPU.Build.0 = Debug|Any CPU
		{7915C89E-E6C6-49EB-BAFD-23BE41C41FC0}.Release|Any CPU.ActiveCfg = Release|Any CPU
		{7915C89E-E6C6-49EB-BAFD-23BE41C41FC0}.Release|Any CPU.Build.0 = Release|Any CPU
		{B9E20FA3-4CF6-4253-861F-97FC8747BE92}.Debug|Any CPU.ActiveCfg = Debug|Any CPU
		{B9E20FA3-4CF6-4253-861F-97FC8747BE92}.Debug|Any CPU.Build.0 = Debug|Any CPU
		{B9E20FA3-4CF6-4253-861F-97FC8747BE92}.Release|Any CPU.ActiveCfg = Release|Any CPU
		{B9E20FA3-4CF6-4253-861F-97FC8747BE92}.Release|Any CPU.Build.0 = Release|Any CPU
		{FE4E7244-2CD3-4F3C-8668-A1A105B83046}.Debug|Any CPU.ActiveCfg = Debug|Any CPU
		{FE4E7244-2CD3-4F3C-8668-A1A105B83046}.Debug|Any CPU.Build.0 = Debug|Any CPU
		{FE4E7244-2CD3-4F3C-8668-A1A105B83046}.Release|Any CPU.ActiveCfg = Release|Any CPU
		{FE4E7244-2CD3-4F3C-8668-A1A105B83046}.Release|Any CPU.Build.0 = Release|Any CPU
		{D094360C-7EC2-440A-9376-9C12CBA1CD43}.Debug|Any CPU.ActiveCfg = Debug|Any CPU
		{D094360C-7EC2-440A-9376-9C12CBA1CD43}.Debug|Any CPU.Build.0 = Debug|Any CPU
		{D094360C-7EC2-440A-9376-9C12CBA1CD43}.Release|Any CPU.ActiveCfg = Release|Any CPU
		{D094360C-7EC2-440A-9376-9C12CBA1CD43}.Release|Any CPU.Build.0 = Release|Any CPU
		{AFF08781-1DB3-4A08-9CEB-C39477D94BB3}.Debug|Any CPU.ActiveCfg = Debug|Any CPU
		{AFF08781-1DB3-4A08-9CEB-C39477D94BB3}.Debug|Any CPU.Build.0 = Debug|Any CPU
		{AFF08781-1DB3-4A08-9CEB-C39477D94BB3}.Release|Any CPU.ActiveCfg = Release|Any CPU
		{AFF08781-1DB3-4A08-9CEB-C39477D94BB3}.Release|Any CPU.Build.0 = Release|Any CPU
		{8DA49B09-146D-4839-9D42-8A0D1AF3CF76}.Debug|Any CPU.ActiveCfg = Debug|Any CPU
		{8DA49B09-146D-4839-9D42-8A0D1AF3CF76}.Debug|Any CPU.Build.0 = Debug|Any CPU
		{8DA49B09-146D-4839-9D42-8A0D1AF3CF76}.Release|Any CPU.ActiveCfg = Release|Any CPU
		{8DA49B09-146D-4839-9D42-8A0D1AF3CF76}.Release|Any CPU.Build.0 = Release|Any CPU
		{9B1AB1CE-376B-4128-B21C-74DC7D56C205}.Debug|Any CPU.ActiveCfg = Debug|Any CPU
		{9B1AB1CE-376B-4128-B21C-74DC7D56C205}.Debug|Any CPU.Build.0 = Debug|Any CPU
		{9B1AB1CE-376B-4128-B21C-74DC7D56C205}.Release|Any CPU.ActiveCfg = Release|Any CPU
		{9B1AB1CE-376B-4128-B21C-74DC7D56C205}.Release|Any CPU.Build.0 = Release|Any CPU
		{AFB55D37-FED7-4701-B535-45EB401BCA67}.Debug|Any CPU.ActiveCfg = Debug|Any CPU
		{AFB55D37-FED7-4701-B535-45EB401BCA67}.Debug|Any CPU.Build.0 = Debug|Any CPU
		{AFB55D37-FED7-4701-B535-45EB401BCA67}.Release|Any CPU.ActiveCfg = Release|Any CPU
		{AFB55D37-FED7-4701-B535-45EB401BCA67}.Release|Any CPU.Build.0 = Release|Any CPU
		{F8F9143F-BE3E-424A-8BC3-1A43A3ED3745}.Debug|Any CPU.ActiveCfg = Debug|Any CPU
		{F8F9143F-BE3E-424A-8BC3-1A43A3ED3745}.Debug|Any CPU.Build.0 = Debug|Any CPU
		{F8F9143F-BE3E-424A-8BC3-1A43A3ED3745}.Release|Any CPU.ActiveCfg = Release|Any CPU
		{F8F9143F-BE3E-424A-8BC3-1A43A3ED3745}.Release|Any CPU.Build.0 = Release|Any CPU
		{5717BF07-DF2B-4EE0-821C-FFADA027D923}.Debug|Any CPU.ActiveCfg = Debug|Any CPU
		{5717BF07-DF2B-4EE0-821C-FFADA027D923}.Debug|Any CPU.Build.0 = Debug|Any CPU
		{5717BF07-DF2B-4EE0-821C-FFADA027D923}.Release|Any CPU.ActiveCfg = Release|Any CPU
		{5717BF07-DF2B-4EE0-821C-FFADA027D923}.Release|Any CPU.Build.0 = Release|Any CPU
		{AFE175C9-CF92-4F64-8FFF-6CE4311A5B07}.Debug|Any CPU.ActiveCfg = Debug|Any CPU
		{AFE175C9-CF92-4F64-8FFF-6CE4311A5B07}.Debug|Any CPU.Build.0 = Debug|Any CPU
		{AFE175C9-CF92-4F64-8FFF-6CE4311A5B07}.Release|Any CPU.ActiveCfg = Release|Any CPU
		{AFE175C9-CF92-4F64-8FFF-6CE4311A5B07}.Release|Any CPU.Build.0 = Release|Any CPU
		{3C8F230C-96AB-482E-94F9-2303EDFBA8A0}.Debug|Any CPU.ActiveCfg = Debug|Any CPU
		{3C8F230C-96AB-482E-94F9-2303EDFBA8A0}.Debug|Any CPU.Build.0 = Debug|Any CPU
		{3C8F230C-96AB-482E-94F9-2303EDFBA8A0}.Release|Any CPU.ActiveCfg = Release|Any CPU
		{3C8F230C-96AB-482E-94F9-2303EDFBA8A0}.Release|Any CPU.Build.0 = Release|Any CPU
		{0619DD60-4FF2-4151-85A6-2E4D23DB5940}.Debug|Any CPU.ActiveCfg = Debug|Any CPU
		{0619DD60-4FF2-4151-85A6-2E4D23DB5940}.Debug|Any CPU.Build.0 = Debug|Any CPU
		{0619DD60-4FF2-4151-85A6-2E4D23DB5940}.Release|Any CPU.ActiveCfg = Release|Any CPU
		{0619DD60-4FF2-4151-85A6-2E4D23DB5940}.Release|Any CPU.Build.0 = Release|Any CPU
		{140DC93A-7A03-493B-A476-3166E26EE871}.Debug|Any CPU.ActiveCfg = Debug|Any CPU
		{140DC93A-7A03-493B-A476-3166E26EE871}.Debug|Any CPU.Build.0 = Debug|Any CPU
		{140DC93A-7A03-493B-A476-3166E26EE871}.Release|Any CPU.ActiveCfg = Release|Any CPU
		{140DC93A-7A03-493B-A476-3166E26EE871}.Release|Any CPU.Build.0 = Release|Any CPU
		{F6BC676F-2BFF-47B6-9300-B58F2B7257F0}.Debug|Any CPU.ActiveCfg = Debug|Any CPU
		{F6BC676F-2BFF-47B6-9300-B58F2B7257F0}.Debug|Any CPU.Build.0 = Debug|Any CPU
		{F6BC676F-2BFF-47B6-9300-B58F2B7257F0}.Release|Any CPU.ActiveCfg = Release|Any CPU
		{F6BC676F-2BFF-47B6-9300-B58F2B7257F0}.Release|Any CPU.Build.0 = Release|Any CPU
		{8B019BC1-BFAC-4DDC-8340-6459434D1D39}.Debug|Any CPU.ActiveCfg = Debug|Any CPU
		{8B019BC1-BFAC-4DDC-8340-6459434D1D39}.Debug|Any CPU.Build.0 = Debug|Any CPU
		{8B019BC1-BFAC-4DDC-8340-6459434D1D39}.Release|Any CPU.ActiveCfg = Release|Any CPU
		{8B019BC1-BFAC-4DDC-8340-6459434D1D39}.Release|Any CPU.Build.0 = Release|Any CPU
		{EEBD8FD8-03E8-44AD-9CCE-3A899C5AB01D}.Debug|Any CPU.ActiveCfg = Debug|Any CPU
		{EEBD8FD8-03E8-44AD-9CCE-3A899C5AB01D}.Debug|Any CPU.Build.0 = Debug|Any CPU
		{EEBD8FD8-03E8-44AD-9CCE-3A899C5AB01D}.Release|Any CPU.ActiveCfg = Release|Any CPU
		{EEBD8FD8-03E8-44AD-9CCE-3A899C5AB01D}.Release|Any CPU.Build.0 = Release|Any CPU
		{049B40B7-1DE4-4E92-BF8B-AE2B5AC55790}.Debug|Any CPU.ActiveCfg = Debug|Any CPU
		{049B40B7-1DE4-4E92-BF8B-AE2B5AC55790}.Debug|Any CPU.Build.0 = Debug|Any CPU
		{049B40B7-1DE4-4E92-BF8B-AE2B5AC55790}.Release|Any CPU.ActiveCfg = Release|Any CPU
		{049B40B7-1DE4-4E92-BF8B-AE2B5AC55790}.Release|Any CPU.Build.0 = Release|Any CPU
		{2889AD58-AE36-4077-B587-F09974ADC12B}.Debug|Any CPU.ActiveCfg = Debug|Any CPU
		{2889AD58-AE36-4077-B587-F09974ADC12B}.Debug|Any CPU.Build.0 = Debug|Any CPU
		{2889AD58-AE36-4077-B587-F09974ADC12B}.Release|Any CPU.ActiveCfg = Release|Any CPU
		{2889AD58-AE36-4077-B587-F09974ADC12B}.Release|Any CPU.Build.0 = Release|Any CPU
		{5C298BE2-04EA-41A2-B555-2BC25A121774}.Debug|Any CPU.ActiveCfg = Debug|Any CPU
		{5C298BE2-04EA-41A2-B555-2BC25A121774}.Debug|Any CPU.Build.0 = Debug|Any CPU
		{5C298BE2-04EA-41A2-B555-2BC25A121774}.Release|Any CPU.ActiveCfg = Release|Any CPU
		{5C298BE2-04EA-41A2-B555-2BC25A121774}.Release|Any CPU.Build.0 = Release|Any CPU
		{A6F936C9-0FCC-4DCF-AD28-B5807C7D88B0}.Debug|Any CPU.ActiveCfg = Debug|Any CPU
		{A6F936C9-0FCC-4DCF-AD28-B5807C7D88B0}.Debug|Any CPU.Build.0 = Debug|Any CPU
		{A6F936C9-0FCC-4DCF-AD28-B5807C7D88B0}.Release|Any CPU.ActiveCfg = Release|Any CPU
		{A6F936C9-0FCC-4DCF-AD28-B5807C7D88B0}.Release|Any CPU.Build.0 = Release|Any CPU
		{E4FD8EF5-2A65-4215-AF21-F7104E447E71}.Debug|Any CPU.ActiveCfg = Debug|Any CPU
		{E4FD8EF5-2A65-4215-AF21-F7104E447E71}.Debug|Any CPU.Build.0 = Debug|Any CPU
		{E4FD8EF5-2A65-4215-AF21-F7104E447E71}.Release|Any CPU.ActiveCfg = Release|Any CPU
		{E4FD8EF5-2A65-4215-AF21-F7104E447E71}.Release|Any CPU.Build.0 = Release|Any CPU
		{88504436-F1AB-440D-A5F2-8C56523CD8F5}.Debug|Any CPU.ActiveCfg = Debug|Any CPU
		{88504436-F1AB-440D-A5F2-8C56523CD8F5}.Debug|Any CPU.Build.0 = Debug|Any CPU
		{88504436-F1AB-440D-A5F2-8C56523CD8F5}.Release|Any CPU.ActiveCfg = Release|Any CPU
		{88504436-F1AB-440D-A5F2-8C56523CD8F5}.Release|Any CPU.Build.0 = Release|Any CPU
		{89F0CA36-EB43-42E6-97E4-681C9D3D34EA}.Debug|Any CPU.ActiveCfg = Debug|Any CPU
		{89F0CA36-EB43-42E6-97E4-681C9D3D34EA}.Debug|Any CPU.Build.0 = Debug|Any CPU
		{89F0CA36-EB43-42E6-97E4-681C9D3D34EA}.Release|Any CPU.ActiveCfg = Release|Any CPU
		{89F0CA36-EB43-42E6-97E4-681C9D3D34EA}.Release|Any CPU.Build.0 = Release|Any CPU
		{AA515144-1EED-42DA-B867-9FC4B08E4D4F}.Debug|Any CPU.ActiveCfg = Debug|Any CPU
		{AA515144-1EED-42DA-B867-9FC4B08E4D4F}.Debug|Any CPU.Build.0 = Debug|Any CPU
		{AA515144-1EED-42DA-B867-9FC4B08E4D4F}.Release|Any CPU.ActiveCfg = Release|Any CPU
		{AA515144-1EED-42DA-B867-9FC4B08E4D4F}.Release|Any CPU.Build.0 = Release|Any CPU
		{E790BE53-D4AE-402C-AAE5-FB2F84817537}.Debug|Any CPU.ActiveCfg = Debug|Any CPU
		{E790BE53-D4AE-402C-AAE5-FB2F84817537}.Debug|Any CPU.Build.0 = Debug|Any CPU
		{E790BE53-D4AE-402C-AAE5-FB2F84817537}.Release|Any CPU.ActiveCfg = Release|Any CPU
		{E790BE53-D4AE-402C-AAE5-FB2F84817537}.Release|Any CPU.Build.0 = Release|Any CPU
		{418257A3-89D8-459E-8C11-72DC2408F06E}.Debug|Any CPU.ActiveCfg = Debug|Any CPU
		{418257A3-89D8-459E-8C11-72DC2408F06E}.Debug|Any CPU.Build.0 = Debug|Any CPU
		{418257A3-89D8-459E-8C11-72DC2408F06E}.Release|Any CPU.ActiveCfg = Release|Any CPU
		{418257A3-89D8-459E-8C11-72DC2408F06E}.Release|Any CPU.Build.0 = Release|Any CPU
		{213418A5-CA2E-49FA-B9C8-D42E91985B39}.Debug|Any CPU.ActiveCfg = Debug|Any CPU
		{213418A5-CA2E-49FA-B9C8-D42E91985B39}.Debug|Any CPU.Build.0 = Debug|Any CPU
		{213418A5-CA2E-49FA-B9C8-D42E91985B39}.Release|Any CPU.ActiveCfg = Release|Any CPU
		{213418A5-CA2E-49FA-B9C8-D42E91985B39}.Release|Any CPU.Build.0 = Release|Any CPU
	EndGlobalSection
	GlobalSection(SolutionProperties) = preSolution
		HideSolutionNode = FALSE
	EndGlobalSection
	GlobalSection(ExtensibilityGlobals) = postSolution
		SolutionGuid = {CB2591CA-746F-45F7-A5EB-B60B64C29DB1}
	EndGlobalSection
EndGlobal
