
Microsoft Visual Studio Solution File, Format Version 12.00
# Visual Studio Version 16
VisualStudioVersion = 16.0.28803.452
MinimumVisualStudioVersion = 10.0.40219.1
Project("{9A19103F-16F7-4668-BE54-9A1E7A4F7556}") = "DisplayPyramid", "DisplayPyramid\DisplayPyramid.csproj", "{CC8E386E-F21A-4CFE-8D5D-8C32CBAE5D9A}"
EndProject
Project("{9A19103F-16F7-4668-BE54-9A1E7A4F7556}") = "FactorsOfInteger", "FactorsOfInteger\FactorsOfInteger.csproj", "{7A0BE806-8CFD-40AC-A857-CE06CEE853B7}"
EndProject
Project("{9A19103F-16F7-4668-BE54-9A1E7A4F7556}") = "Loan", "Loan\Loan.csproj", "{CEF9DBDB-C8E9-46F0-B6F4-078D087F8E59}"
EndProject
Project("{9A19103F-16F7-4668-BE54-9A1E7A4F7556}") = "LoansInterest", "LoansInterest\LoansInterest.csproj", "{BB81E0D0-2AAE-4F88-8C48-D8A2685A942C}"
EndProject
Project("{9A19103F-16F7-4668-BE54-9A1E7A4F7556}") = "PrimeNumbers", "PrimeNumbers\PrimeNumbers.csproj", "{E95FFD37-4732-41F7-87C1-1E5319441B99}"
EndProject
Project("{9A19103F-16F7-4668-BE54-9A1E7A4F7556}") = "PrimeNumbersBetwen2and1000", "PrimeNumbersBetwen2and1000\PrimeNumbersBetwen2and1000.csproj", "{78E87C3D-F708-46E5-8372-69AFD9A0648D}"
EndProject
Project("{9A19103F-16F7-4668-BE54-9A1E7A4F7556}") = "PyramidPatterns", "PyramidPatterns\PyramidPatterns.csproj", "{EF2EC160-F6AA-4FB2-A60A-F804A1886BDF}"
EndProject
Project("{FAE04EC0-301F-11D3-BF4B-00C04F79EFBC}") = "LeapYear", "LeapYear\LeapYear.csproj", "{3B51B1D9-62B2-49FA-ABF1-982944C199DB}"
EndProject
Project("{9A19103F-16F7-4668-BE54-9A1E7A4F7556}") = "FutureTuition", "FutureTuition\FutureTuition.csproj", "{D8C27924-D9A2-4207-8C2D-F6019FE9FF88}"
EndProject
Project("{FAE04EC0-301F-11D3-BF4B-00C04F79EFBC}") = "Lottery", "Lottery\Lottery.csproj", "{96D76DA2-BB99-4D99-BE19-14ACF4981426}"
EndProject
Project("{FAE04EC0-301F-11D3-BF4B-00C04F79EFBC}") = "PerfectNumber", "PerfectNumber\PerfectNumber.csproj", "{9E2B5CCD-0785-424B-8C9C-65A188716032}"
EndProject
Global
	GlobalSection(SolutionConfigurationPlatforms) = preSolution
		Debug|Any CPU = Debug|Any CPU
		Release|Any CPU = Release|Any CPU
	EndGlobalSection
	GlobalSection(ProjectConfigurationPlatforms) = postSolution
		{CC8E386E-F21A-4CFE-8D5D-8C32CBAE5D9A}.Debug|Any CPU.ActiveCfg = Debug|Any CPU
		{CC8E386E-F21A-4CFE-8D5D-8C32CBAE5D9A}.Debug|Any CPU.Build.0 = Debug|Any CPU
		{CC8E386E-F21A-4CFE-8D5D-8C32CBAE5D9A}.Release|Any CPU.ActiveCfg = Release|Any CPU
		{CC8E386E-F21A-4CFE-8D5D-8C32CBAE5D9A}.Release|Any CPU.Build.0 = Release|Any CPU
		{7A0BE806-8CFD-40AC-A857-CE06CEE853B7}.Debug|Any CPU.ActiveCfg = Debug|Any CPU
		{7A0BE806-8CFD-40AC-A857-CE06CEE853B7}.Debug|Any CPU.Build.0 = Debug|Any CPU
		{7A0BE806-8CFD-40AC-A857-CE06CEE853B7}.Release|Any CPU.ActiveCfg = Release|Any CPU
		{7A0BE806-8CFD-40AC-A857-CE06CEE853B7}.Release|Any CPU.Build.0 = Release|Any CPU
		{CEF9DBDB-C8E9-46F0-B6F4-078D087F8E59}.Debug|Any CPU.ActiveCfg = Debug|Any CPU
		{CEF9DBDB-C8E9-46F0-B6F4-078D087F8E59}.Debug|Any CPU.Build.0 = Debug|Any CPU
		{CEF9DBDB-C8E9-46F0-B6F4-078D087F8E59}.Release|Any CPU.ActiveCfg = Release|Any CPU
		{CEF9DBDB-C8E9-46F0-B6F4-078D087F8E59}.Release|Any CPU.Build.0 = Release|Any CPU
		{BB81E0D0-2AAE-4F88-8C48-D8A2685A942C}.Debug|Any CPU.ActiveCfg = Debug|Any CPU
		{BB81E0D0-2AAE-4F88-8C48-D8A2685A942C}.Debug|Any CPU.Build.0 = Debug|Any CPU
		{BB81E0D0-2AAE-4F88-8C48-D8A2685A942C}.Release|Any CPU.ActiveCfg = Release|Any CPU
		{BB81E0D0-2AAE-4F88-8C48-D8A2685A942C}.Release|Any CPU.Build.0 = Release|Any CPU
		{E95FFD37-4732-41F7-87C1-1E5319441B99}.Debug|Any CPU.ActiveCfg = Debug|Any CPU
		{E95FFD37-4732-41F7-87C1-1E5319441B99}.Debug|Any CPU.Build.0 = Debug|Any CPU
		{E95FFD37-4732-41F7-87C1-1E5319441B99}.Release|Any CPU.ActiveCfg = Release|Any CPU
		{E95FFD37-4732-41F7-87C1-1E5319441B99}.Release|Any CPU.Build.0 = Release|Any CPU
		{78E87C3D-F708-46E5-8372-69AFD9A0648D}.Debug|Any CPU.ActiveCfg = Debug|Any CPU
		{78E87C3D-F708-46E5-8372-69AFD9A0648D}.Debug|Any CPU.Build.0 = Debug|Any CPU
		{78E87C3D-F708-46E5-8372-69AFD9A0648D}.Release|Any CPU.ActiveCfg = Release|Any CPU
		{78E87C3D-F708-46E5-8372-69AFD9A0648D}.Release|Any CPU.Build.0 = Release|Any CPU
		{EF2EC160-F6AA-4FB2-A60A-F804A1886BDF}.Debug|Any CPU.ActiveCfg = Debug|Any CPU
		{EF2EC160-F6AA-4FB2-A60A-F804A1886BDF}.Debug|Any CPU.Build.0 = Debug|Any CPU
		{EF2EC160-F6AA-4FB2-A60A-F804A1886BDF}.Release|Any CPU.ActiveCfg = Release|Any CPU
		{EF2EC160-F6AA-4FB2-A60A-F804A1886BDF}.Release|Any CPU.Build.0 = Release|Any CPU
		{3B51B1D9-62B2-49FA-ABF1-982944C199DB}.Debug|Any CPU.ActiveCfg = Debug|Any CPU
		{3B51B1D9-62B2-49FA-ABF1-982944C199DB}.Debug|Any CPU.Build.0 = Debug|Any CPU
		{3B51B1D9-62B2-49FA-ABF1-982944C199DB}.Release|Any CPU.ActiveCfg = Release|Any CPU
		{3B51B1D9-62B2-49FA-ABF1-982944C199DB}.Release|Any CPU.Build.0 = Release|Any CPU
		{D8C27924-D9A2-4207-8C2D-F6019FE9FF88}.Debug|Any CPU.ActiveCfg = Debug|Any CPU
		{D8C27924-D9A2-4207-8C2D-F6019FE9FF88}.Debug|Any CPU.Build.0 = Debug|Any CPU
		{D8C27924-D9A2-4207-8C2D-F6019FE9FF88}.Release|Any CPU.ActiveCfg = Release|Any CPU
		{D8C27924-D9A2-4207-8C2D-F6019FE9FF88}.Release|Any CPU.Build.0 = Release|Any CPU
		{96D76DA2-BB99-4D99-BE19-14ACF4981426}.Debug|Any CPU.ActiveCfg = Debug|Any CPU
		{96D76DA2-BB99-4D99-BE19-14ACF4981426}.Debug|Any CPU.Build.0 = Debug|Any CPU
		{96D76DA2-BB99-4D99-BE19-14ACF4981426}.Release|Any CPU.ActiveCfg = Release|Any CPU
		{96D76DA2-BB99-4D99-BE19-14ACF4981426}.Release|Any CPU.Build.0 = Release|Any CPU
		{9E2B5CCD-0785-424B-8C9C-65A188716032}.Debug|Any CPU.ActiveCfg = Debug|Any CPU
		{9E2B5CCD-0785-424B-8C9C-65A188716032}.Debug|Any CPU.Build.0 = Debug|Any CPU
		{9E2B5CCD-0785-424B-8C9C-65A188716032}.Release|Any CPU.ActiveCfg = Release|Any CPU
		{9E2B5CCD-0785-424B-8C9C-65A188716032}.Release|Any CPU.Build.0 = Release|Any CPU
	EndGlobalSection
	GlobalSection(SolutionProperties) = preSolution
		HideSolutionNode = FALSE
	EndGlobalSection
	GlobalSection(ExtensibilityGlobals) = postSolution
		SolutionGuid = {0ACC163D-93A1-4004-8946-924441303D77}
	EndGlobalSection
EndGlobal
